
Microsoft Visual Studio Solution File, Format Version 12.00
# Visual Studio 15
VisualStudioVersion = 15.0.28307.329
MinimumVisualStudioVersion = 10.0.40219.1
Project("{FAE04EC0-301F-11D3-BF4B-00C04F79EFBC}") = "ListTopTenWeb", "ListTopTenWeb\ListTopTenWeb.csproj", "{085A0BB6-DB9A-42AC-8FFD-3D13E849BEFC}"
EndProject
Project("{FAE04EC0-301F-11D3-BF4B-00C04F79EFBC}") = "Demo.Helper", "Demo.Helper\Demo.Helper.csproj", "{3E4FAE3B-31E1-4D53-9452-9DF24D4B4CBD}"
EndProject
Global
	GlobalSection(SolutionConfigurationPlatforms) = preSolution
		Debug|Any CPU = Debug|Any CPU
		Release|Any CPU = Release|Any CPU
	EndGlobalSection
	GlobalSection(ProjectConfigurationPlatforms) = postSolution
		{085A0BB6-DB9A-42AC-8FFD-3D13E849BEFC}.Debug|Any CPU.ActiveCfg = Debug|Any CPU
		{085A0BB6-DB9A-42AC-8FFD-3D13E849BEFC}.Debug|Any CPU.Build.0 = Debug|Any CPU
		{085A0BB6-DB9A-42AC-8FFD-3D13E849BEFC}.Release|Any CPU.ActiveCfg = Release|Any CPU
		{085A0BB6-DB9A-42AC-8FFD-3D13E849BEFC}.Release|Any CPU.Build.0 = Release|Any CPU
		{3E4FAE3B-31E1-4D53-9452-9DF24D4B4CBD}.Debug|Any CPU.ActiveCfg = Debug|Any CPU
		{3E4FAE3B-31E1-4D53-9452-9DF24D4B4CBD}.Debug|Any CPU.Build.0 = Debug|Any CPU
		{3E4FAE3B-31E1-4D53-9452-9DF24D4B4CBD}.Release|Any CPU.ActiveCfg = Release|Any CPU
		{3E4FAE3B-31E1-4D53-9452-9DF24D4B4CBD}.Release|Any CPU.Build.0 = Release|Any CPU
	EndGlobalSection
	GlobalSection(SolutionProperties) = preSolution
		HideSolutionNode = FALSE
	EndGlobalSection
	GlobalSection(ExtensibilityGlobals) = postSolution
		SolutionGuid = {C07F9100-6B71-4BF9-AC1B-FBEA044910DB}
	EndGlobalSection
EndGlobal
